
Microsoft Visual Studio Solution File, Format Version 12.00
# Visual Studio Version 17
VisualStudioVersion = 17.10.35004.147
MinimumVisualStudioVersion = 10.0.40219.1
Project("{FAE04EC0-301F-11D3-BF4B-00C04F79EFBC}") = "Pinginaabrid", "Pinginaabrid.csproj", "{457BE4EF-42F2-4EB1-8EF9-E82DF2DD9BCC}"
EndProject
Global
	GlobalSection(SolutionConfigurationPlatforms) = preSolution
		Debug|Any CPU = Debug|Any CPU
		Release|Any CPU = Release|Any CPU
	EndGlobalSection
	GlobalSection(ProjectConfigurationPlatforms) = postSolution
		{457BE4EF-42F2-4EB1-8EF9-E82DF2DD9BCC}.Debug|Any CPU.ActiveCfg = Debug|Any CPU
		{457BE4EF-42F2-4EB1-8EF9-E82DF2DD9BCC}.Debug|Any CPU.Build.0 = Debug|Any CPU
		{457BE4EF-42F2-4EB1-8EF9-E82DF2DD9BCC}.Release|Any CPU.ActiveCfg = Release|Any CPU
		{457BE4EF-42F2-4EB1-8EF9-E82DF2DD9BCC}.Release|Any CPU.Build.0 = Release|Any CPU
	EndGlobalSection
	GlobalSection(SolutionProperties) = preSolution
		HideSolutionNode = FALSE
	EndGlobalSection
	GlobalSection(ExtensibilityGlobals) = postSolution
		SolutionGuid = {DBA8D9EC-E43B-438B-B711-874BF1E37D68}
	EndGlobalSection
EndGlobal
